
Microsoft Visual Studio Solution File, Format Version 12.00
# Visual Studio Version 17
VisualStudioVersion = 17.9.34728.123
MinimumVisualStudioVersion = 10.0.40219.1
Project("{FAE04EC0-301F-11D3-BF4B-00C04F79EFBC}") = "BlackJackProject", "BlackJackProject\BlackJackProject.csproj", "{6203187D-84BE-4A2F-9A88-3C82CC00D387}"
EndProject
Global
	GlobalSection(SolutionConfigurationPlatforms) = preSolution
		Debug|Any CPU = Debug|Any CPU
		Release|Any CPU = Release|Any CPU
	EndGlobalSection
	GlobalSection(ProjectConfigurationPlatforms) = postSolution
		{6203187D-84BE-4A2F-9A88-3C82CC00D387}.Debug|Any CPU.ActiveCfg = Debug|Any CPU
		{6203187D-84BE-4A2F-9A88-3C82CC00D387}.Debug|Any CPU.Build.0 = Debug|Any CPU
		{6203187D-84BE-4A2F-9A88-3C82CC00D387}.Release|Any CPU.ActiveCfg = Release|Any CPU
		{6203187D-84BE-4A2F-9A88-3C82CC00D387}.Release|Any CPU.Build.0 = Release|Any CPU
	EndGlobalSection
	GlobalSection(SolutionProperties) = preSolution
		HideSolutionNode = FALSE
	EndGlobalSection
	GlobalSection(ExtensibilityGlobals) = postSolution
		SolutionGuid = {C789D8DA-AE65-41B6-B757-324934B5B736}
	EndGlobalSection
EndGlobal
